// !$*UTF8*$!
{
	archiveVersion = 1;
	classes = {
	};
	objectVersion = 46;
	objects = {

/* Begin PBXBuildFile section */
		EE96AA881E6A7D5A00B5758A /* AppDelegate.swift in Sources */ = {isa = PBXBuildFile; fileRef = EE96AA871E6A7D5A00B5758A /* AppDelegate.swift */; };
		EE96AA8A1E6A7D5A00B5758A /* ViewController.swift in Sources */ = {isa = PBXBuildFile; fileRef = EE96AA891E6A7D5A00B5758A /* ViewController.swift */; };
		EE96AA8D1E6A7D5A00B5758A /* Main.storyboard in Resources */ = {isa = PBXBuildFile; fileRef = EE96AA8B1E6A7D5A00B5758A /* Main.storyboard */; };
		EE96AA8F1E6A7D5A00B5758A /* Assets.xcassets in Resources */ = {isa = PBXBuildFile; fileRef = EE96AA8E1E6A7D5A00B5758A /* Assets.xcassets */; };
		EE96AA921E6A7D5A00B5758A /* LaunchScreen.storyboard in Resources */ = {isa = PBXBuildFile; fileRef = EE96AA901E6A7D5A00B5758A /* LaunchScreen.storyboard */; };
		EE96AA9D1E6A7D5A00B5758A /* Silly_SongTests.swift in Sources */ = {isa = PBXBuildFile; fileRef = EE96AA9C1E6A7D5A00B5758A /* Silly_SongTests.swift */; };
		EE96AAA81E6A7D5A00B5758A /* Silly_SongUITests.swift in Sources */ = {isa = PBXBuildFile; fileRef = EE96AAA71E6A7D5A00B5758A /* Silly_SongUITests.swift */; };
/* End PBXBuildFile section */

/* Begin PBXContainerItemProxy section */
		EE96AA991E6A7D5A00B5758A /* PBXContainerItemProxy */ = {
			isa = PBXContainerItemProxy;
			containerPortal = EE96AA7C1E6A7D5A00B5758A /* Project object */;
			proxyType = 1;
			remoteGlobalIDString = EE96AA831E6A7D5A00B5758A;
			remoteInfo = "Silly Song";
		};
		EE96AAA41E6A7D5A00B5758A /* PBXContainerItemProxy */ = {
			isa = PBXContainerItemProxy;
			containerPortal = EE96AA7C1E6A7D5A00B5758A /* Project object */;
			proxyType = 1;
			remoteGlobalIDString = EE96AA831E6A7D5A00B5758A;
			remoteInfo = "Silly Song";
		};
/* End PBXContainerItemProxy section */

/* Begin PBXFileReference section */
		EE96AA841E6A7D5A00B5758A /* Silly Song.app */ = {isa = PBXFileReference; explicitFileType = wrapper.application; includeInIndex = 0; path = "Silly Song.app"; sourceTree = BUILT_PRODUCTS_DIR; };
		EE96AA871E6A7D5A00B5758A /* AppDelegate.swift */ = {isa = PBXFileReference; lastKnownFileType = sourcecode.swift; path = AppDelegate.swift; sourceTree = "<group>"; };
		EE96AA891E6A7D5A00B5758A /* ViewController.swift */ = {isa = PBXFileReference; lastKnownFileType = sourcecode.swift; path = ViewController.swift; sourceTree = "<group>"; };
		EE96AA8C1E6A7D5A00B5758A /* Base */ = {isa = PBXFileReference; lastKnownFileType = file.storyboard; name = Base; path = Base.lproj/Main.storyboard; sourceTree = "<group>"; };
		EE96AA8E1E6A7D5A00B5758A /* Assets.xcassets */ = {isa = PBXFileReference; lastKnownFileType = folder.assetcatalog; path = Assets.xcassets; sourceTree = "<group>"; };
		EE96AA911E6A7D5A00B5758A /* Base */ = {isa = PBXFileReference; lastKnownFileType = file.storyboard; name = Base; path = Base.lproj/LaunchScreen.storyboard; sourceTree = "<group>"; };
		EE96AA931E6A7D5A00B5758A /* Info.plist */ = {isa = PBXFileReference; lastKnownFileType = text.plist.xml; path = Info.plist; sourceTree = "<group>"; };
		EE96AA981E6A7D5A00B5758A /* Silly SongTests.xctest */ = {isa = PBXFileReference; explicitFileType = wrapper.cfbundle; includeInIndex = 0; path = "Silly SongTests.xctest"; sourceTree = BUILT_PRODUCTS_DIR; };
		EE96AA9C1E6A7D5A00B5758A /* Silly_SongTests.swift */ = {isa = PBXFileReference; lastKnownFileType = sourcecode.swift; path = Silly_SongTests.swift; sourceTree = "<group>"; };
		EE96AA9E1E6A7D5A00B5758A /* Info.plist */ = {isa = PBXFileReference; lastKnownFileType = text.plist.xml; path = Info.plist; sourceTree = "<group>"; };
		EE96AAA31E6A7D5A00B5758A /* Silly SongUITests.xctest */ = {isa = PBXFileReference; explicitFileType = wrapper.cfbundle; includeInIndex = 0; path = "Silly SongUITests.xctest"; sourceTree = BUILT_PRODUCTS_DIR; };
		EE96AAA71E6A7D5A00B5758A /* Silly_SongUITests.swift */ = {isa = PBXFileReference; lastKnownFileType = sourcecode.swift; path = Silly_SongUITests.swift; sourceTree = "<group>"; };
		EE96AAA91E6A7D5A00B5758A /* Info.plist */ = {isa = PBXFileReference; lastKnownFileType = text.plist.xml; path = Info.plist; sourceTree = "<group>"; };
/* End PBXFileReference section */

/* Begin PBXFrameworksBuildPhase section */
		EE96AA811E6A7D5A00B5758A /* Frameworks */ = {
			isa = PBXFrameworksBuildPhase;
			buildActionMask = 2147483647;
			files = (
			);
			runOnlyForDeploymentPostprocessing = 0;
		};
		EE96AA951E6A7D5A00B5758A /* Frameworks */ = {
			isa = PBXFrameworksBuildPhase;
			buildActionMask = 2147483647;
			files = (
			);
			runOnlyForDeploymentPostprocessing = 0;
		};
		EE96AAA01E6A7D5A00B5758A /* Frameworks */ = {
			isa = PBXFrameworksBuildPhase;
			buildActionMask = 2147483647;
			files = (
			);
			runOnlyForDeploymentPostprocessing = 0;
		};
/* End PBXFrameworksBuildPhase section */

/* Begin PBXGroup section */
		EE96AA7B1E6A7D5A00B5758A = {
			isa = PBXGroup;
			children = (
				EE96AA861E6A7D5A00B5758A /* Silly Song */,
				EE96AA9B1E6A7D5A00B5758A /* Silly SongTests */,
				EE96AAA61E6A7D5A00B5758A /* Silly SongUITests */,
				EE96AA851E6A7D5A00B5758A /* Products */,
			);
			sourceTree = "<group>";
		};
		EE96AA851E6A7D5A00B5758A /* Products */ = {
			isa = PBXGroup;
			children = (
				EE96AA841E6A7D5A00B5758A /* Silly Song.app */,
				EE96AA981E6A7D5A00B5758A /* Silly SongTests.xctest */,
				EE96AAA31E6A7D5A00B5758A /* Silly SongUITests.xctest */,
			);
			name = Products;
			sourceTree = "<group>";
		};
		EE96AA861E6A7D5A00B5758A /* Silly Song */ = {
			isa = PBXGroup;
			children = (
				EE96AA871E6A7D5A00B5758A /* AppDelegate.swift */,
				EE96AA891E6A7D5A00B5758A /* ViewController.swift */,
				EE96AA8B1E6A7D5A00B5758A /* Main.storyboard */,
				EE96AA8E1E6A7D5A00B5758A /* Assets.xcassets */,
				EE96AA901E6A7D5A00B5758A /* LaunchScreen.storyboard */,
				EE96AA931E6A7D5A00B5758A /* Info.plist */,
			);
			path = "Silly Song";
			sourceTree = "<group>";
		};
		EE96AA9B1E6A7D5A00B5758A /* Silly SongTests */ = {
			isa = PBXGroup;
			children = (
				EE96AA9C1E6A7D5A00B5758A /* Silly_SongTests.swift */,
				EE96AA9E1E6A7D5A00B5758A /* Info.plist */,
			);
			path = "Silly SongTests";
			sourceTree = "<group>";
		};
		EE96AAA61E6A7D5A00B5758A /* Silly SongUITests */ = {
			isa = PBXGroup;
			children = (
				EE96AAA71E6A7D5A00B5758A /* Silly_SongUITests.swift */,
				EE96AAA91E6A7D5A00B5758A /* Info.plist */,
			);
			path = "Silly SongUITests";
			sourceTree = "<group>";
		};
/* End PBXGroup section */

/* Begin PBXNativeTarget section */
		EE96AA831E6A7D5A00B5758A /* Silly Song */ = {
			isa = PBXNativeTarget;
			buildConfigurationList = EE96AAAC1E6A7D5A00B5758A /* Build configuration list for PBXNativeTarget "Silly Song" */;
			buildPhases = (
				EE96AA801E6A7D5A00B5758A /* Sources */,
				EE96AA811E6A7D5A00B5758A /* Frameworks */,
				EE96AA821E6A7D5A00B5758A /* Resources */,
			);
			buildRules = (
			);
			dependencies = (
			);
			name = "Silly Song";
			productName = "Silly Song";
			productReference = EE96AA841E6A7D5A00B5758A /* Silly Song.app */;
			productType = "com.apple.product-type.application";
		};
		EE96AA971E6A7D5A00B5758A /* Silly SongTests */ = {
			isa = PBXNativeTarget;
			buildConfigurationList = EE96AAAF1E6A7D5A00B5758A /* Build configuration list for PBXNativeTarget "Silly SongTests" */;
			buildPhases = (
				EE96AA941E6A7D5A00B5758A /* Sources */,
				EE96AA951E6A7D5A00B5758A /* Frameworks */,
				EE96AA961E6A7D5A00B5758A /* Resources */,
			);
			buildRules = (
			);
			dependencies = (
				EE96AA9A1E6A7D5A00B5758A /* PBXTargetDependency */,
			);
			name = "Silly SongTests";
			productName = "Silly SongTests";
			productReference = EE96AA981E6A7D5A00B5758A /* Silly SongTests.xctest */;
			productType = "com.apple.product-type.bundle.unit-test";
		};
		EE96AAA21E6A7D5A00B5758A /* Silly SongUITests */ = {
			isa = PBXNativeTarget;
			buildConfigurationList = EE96AAB21E6A7D5A00B5758A /* Build configuration list for PBXNativeTarget "Silly SongUITests" */;
			buildPhases = (
				EE96AA9F1E6A7D5A00B5758A /* Sources */,
				EE96AAA01E6A7D5A00B5758A /* Frameworks */,
				EE96AAA11E6A7D5A00B5758A /* Resources */,
			);
			buildRules = (
			);
			dependencies = (
				EE96AAA51E6A7D5A00B5758A /* PBXTargetDependency */,
			);
			name = "Silly SongUITests";
			productName = "Silly SongUITests";
			productReference = EE96AAA31E6A7D5A00B5758A /* Silly SongUITests.xctest */;
			productType = "com.apple.product-type.bundle.ui-testing";
		};
/* End PBXNativeTarget section */

/* Begin PBXProject section */
		EE96AA7C1E6A7D5A00B5758A /* Project object */ = {
			isa = PBXProject;
			attributes = {
				LastSwiftUpdateCheck = 0820;
				LastUpgradeCheck = 0820;
				ORGANIZATIONNAME = "TOPP Pongsakorn";
				TargetAttributes = {
					EE96AA831E6A7D5A00B5758A = {
						CreatedOnToolsVersion = 8.2.1;
						ProvisioningStyle = Automatic;
					};
					EE96AA971E6A7D5A00B5758A = {
						CreatedOnToolsVersion = 8.2.1;
						ProvisioningStyle = Automatic;
						TestTargetID = EE96AA831E6A7D5A00B5758A;
					};
					EE96AAA21E6A7D5A00B5758A = {
						CreatedOnToolsVersion = 8.2.1;
						ProvisioningStyle = Automatic;
						TestTargetID = EE96AA831E6A7D5A00B5758A;
					};
				};
			};
			buildConfigurationList = EE96AA7F1E6A7D5A00B5758A /* Build configuration list for PBXProject "Silly Song" */;
			compatibilityVersion = "Xcode 3.2";
			developmentRegion = English;
			hasScannedForEncodings = 0;
			knownRegions = (
				en,
				Base,
			);
			mainGroup = EE96AA7B1E6A7D5A00B5758A;
			productRefGroup = EE96AA851E6A7D5A00B5758A /* Products */;
			projectDirPath = "";
			projectRoot = "";
			targets = (
				EE96AA831E6A7D5A00B5758A /* Silly Song */,
				EE96AA971E6A7D5A00B5758A /* Silly SongTests */,
				EE96AAA21E6A7D5A00B5758A /* Silly SongUITests */,
			);
		};
/* End PBXProject section */

/* Begin PBXResourcesBuildPhase section */
		EE96AA821E6A7D5A00B5758A /* Resources */ = {
			isa = PBXResourcesBuildPhase;
			buildActionMask = 2147483647;
			files = (
				EE96AA921E6A7D5A00B5758A /* LaunchScreen.storyboard in Resources */,
				EE96AA8F1E6A7D5A00B5758A /* Assets.xcassets in Resources */,
				EE96AA8D1E6A7D5A00B5758A /* Main.storyboard in Resources */,
			);
			runOnlyForDeploymentPostprocessing = 0;
		};
		EE96AA961E6A7D5A00B5758A /* Resources */ = {
			isa = PBXResourcesBuildPhase;
			buildActionMask = 2147483647;
			files = (
			);
			runOnlyForDeploymentPostprocessing = 0;
		};
		EE96AAA11E6A7D5A00B5758A /* Resources */ = {
			isa = PBXResourcesBuildPhase;
			buildActionMask = 2147483647;
			files = (
			);
			runOnlyForDeploymentPostprocessing = 0;
		};
/* End PBXResourcesBuildPhase section */

/* Begin PBXSourcesBuildPhase section */
		EE96AA801E6A7D5A00B5758A /* Sources */ = {
			isa = PBXSourcesBuildPhase;
			buildActionMask = 2147483647;
			files = (
				EE96AA8A1E6A7D5A00B5758A /* ViewController.swift in Sources */,
				EE96AA881E6A7D5A00B5758A /* AppDelegate.swift in Sources */,
			);
			runOnlyForDeploymentPostprocessing = 0;
		};
		EE96AA941E6A7D5A00B5758A /* Sources */ = {
			isa = PBXSourcesBuildPhase;
			buildActionMask = 2147483647;
			files = (
				EE96AA9D1E6A7D5A00B5758A /* Silly_SongTests.swift in Sources */,
			);
			runOnlyForDeploymentPostprocessing = 0;
		};
		EE96AA9F1E6A7D5A00B5758A /* Sources */ = {
			isa = PBXSourcesBuildPhase;
			buildActionMask = 2147483647;
			files = (
				EE96AAA81E6A7D5A00B5758A /* Silly_SongUITests.swift in Sources */,
			);
			runOnlyForDeploymentPostprocessing = 0;
		};
/* End PBXSourcesBuildPhase section */

/* Begin PBXTargetDependency section */
		EE96AA9A1E6A7D5A00B5758A /* PBXTargetDependency */ = {
			isa = PBXTargetDependency;
			target = EE96AA831E6A7D5A00B5758A /* Silly Song */;
			targetProxy = EE96AA991E6A7D5A00B5758A /* PBXContainerItemProxy */;
		};
		EE96AAA51E6A7D5A00B5758A /* PBXTargetDependency */ = {
			isa = PBXTargetDependency;
			target = EE96AA831E6A7D5A00B5758A /* Silly Song */;
			targetProxy = EE96AAA41E6A7D5A00B5758A /* PBXContainerItemProxy */;
		};
/* End PBXTargetDependency section */

/* Begin PBXVariantGroup section */
		EE96AA8B1E6A7D5A00B5758A /* Main.storyboard */ = {
			isa = PBXVariantGroup;
			children = (
				EE96AA8C1E6A7D5A00B5758A /* Base */,
			);
			name = Main.storyboard;
			sourceTree = "<group>";
		};
		EE96AA901E6A7D5A00B5758A /* LaunchScreen.storyboard */ = {
			isa = PBXVariantGroup;
			children = (
				EE96AA911E6A7D5A00B5758A /* Base */,
			);
			name = LaunchScreen.storyboard;
			sourceTree = "<group>";
		};
/* End PBXVariantGroup section */

/* Begin XCBuildConfiguration section */
		EE96AAAA1E6A7D5A00B5758A /* Debug */ = {
			isa = XCBuildConfiguration;
			buildSettings = {
				ALWAYS_SEARCH_USER_PATHS = NO;
				CLANG_ANALYZER_NONNULL = YES;
				CLANG_CXX_LANGUAGE_STANDARD = "gnu++0x";
				CLANG_CXX_LIBRARY = "libc++";
				CLANG_ENABLE_MODULES = YES;
				CLANG_ENABLE_OBJC_ARC = YES;
				CLANG_WARN_BOOL_CONVERSION = YES;
				CLANG_WARN_CONSTANT_CONVERSION = YES;
				CLANG_WARN_DIRECT_OBJC_ISA_USAGE = YES_ERROR;
				CLANG_WARN_DOCUMENTATION_COMMENTS = YES;
				CLANG_WARN_EMPTY_BODY = YES;
				CLANG_WARN_ENUM_CONVERSION = YES;
				CLANG_WARN_INFINITE_RECURSION = YES;
				CLANG_WARN_INT_CONVERSION = YES;
				CLANG_WARN_OBJC_ROOT_CLASS = YES_ERROR;
				CLANG_WARN_SUSPICIOUS_MOVE = YES;
				CLANG_WARN_UNREACHABLE_CODE = YES;
				CLANG_WARN__DUPLICATE_METHOD_MATCH = YES;
				"CODE_SIGN_IDENTITY[sdk=iphoneos*]" = "iPhone Developer";
				COPY_PHASE_STRIP = NO;
				DEBUG_INFORMATION_FORMAT = dwarf;
				ENABLE_STRICT_OBJC_MSGSEND = YES;
				ENABLE_TESTABILITY = YES;
				GCC_C_LANGUAGE_STANDARD = gnu99;
				GCC_DYNAMIC_NO_PIC = NO;
				GCC_NO_COMMON_BLOCKS = YES;
				GCC_OPTIMIZATION_LEVEL = 0;
				GCC_PREPROCESSOR_DEFINITIONS = (
					"DEBUG=1",
					"$(inherited)",
				);
				GCC_WARN_64_TO_32_BIT_CONVERSION = YES;
				GCC_WARN_ABOUT_RETURN_TYPE = YES_ERROR;
				GCC_WARN_UNDECLARED_SELECTOR = YES;
				GCC_WARN_UNINITIALIZED_AUTOS = YES_AGGRESSIVE;
				GCC_WARN_UNUSED_FUNCTION = YES;
				GCC_WARN_UNUSED_VARIABLE = YES;
				IPHONEOS_DEPLOYMENT_TARGET = 10.2;
				MTL_ENABLE_DEBUG_INFO = YES;
				ONLY_ACTIVE_ARCH = YES;
				SDKROOT = iphoneos;
				SWIFT_ACTIVE_COMPILATION_CONDITIONS = DEBUG;
				SWIFT_OPTIMIZATION_LEVEL = "-Onone";
				TARGETED_DEVICE_FAMILY = "1,2";
			};
			name = Debug;
		};
		EE96AAAB1E6A7D5A00B5758A /* Release */ = {
			isa = XCBuildConfiguration;
			buildSettings = {
				ALWAYS_SEARCH_USER_PATHS = NO;
				CLANG_ANALYZER_NONNULL = YES;
				CLANG_CXX_LANGUAGE_STANDARD = "gnu++0x";
				CLANG_CXX_LIBRARY = "libc++";
				CLANG_ENABLE_MODULES = YES;
				CLANG_ENABLE_OBJC_ARC = YES;
				CLANG_WARN_BOOL_CONVERSION = YES;
				CLANG_WARN_CONSTANT_CONVERSION = YES;
				CLANG_WARN_DIRECT_OBJC_ISA_USAGE = YES_ERROR;
				CLANG_WARN_DOCUMENTATION_COMMENTS = YES;
				CLANG_WARN_EMPTY_BODY = YES;
				CLANG_WARN_ENUM_CONVERSION = YES;
				CLANG_WARN_INFINITE_RECURSION = YES;
				CLANG_WARN_INT_CONVERSION = YES;
				CLANG_WARN_OBJC_ROOT_CLASS = YES_ERROR;
				CLANG_WARN_SUSPICIOUS_MOVE = YES;
				CLANG_WARN_UNREACHABLE_CODE = YES;
				CLANG_WARN__DUPLICATE_METHOD_MATCH = YES;
				"CODE_SIGN_IDENTITY[sdk=iphoneos*]" = "iPhone Developer";
				COPY_PHASE_STRIP = NO;
				DEBUG_INFORMATION_FORMAT = "dwarf-with-dsym";
				ENABLE_NS_ASSERTIONS = NO;
				ENABLE_STRICT_OBJC_MSGSEND = YES;
				GCC_C_LANGUAGE_STANDARD = gnu99;
				GCC_NO_COMMON_BLOCKS = YES;
				GCC_WARN_64_TO_32_BIT_CONVERSION = YES;
				GCC_WARN_ABOUT_RETURN_TYPE = YES_ERROR;
				GCC_WARN_UNDECLARED_SELECTOR = YES;
				GCC_WARN_UNINITIALIZED_AUTOS = YES_AGGRESSIVE;
				GCC_WARN_UNUSED_FUNCTION = YES;
				GCC_WARN_UNUSED_VARIABLE = YES;
				IPHONEOS_DEPLOYMENT_TARGET = 10.2;
				MTL_ENABLE_DEBUG_INFO = NO;
				SDKROOT = iphoneos;
				SWIFT_OPTIMIZATION_LEVEL = "-Owholemodule";
				TARGETED_DEVICE_FAMILY = "1,2";
				VALIDATE_PRODUCT = YES;
			};
			name = Release;
		};
		EE96AAAD1E6A7D5A00B5758A /* Debug */ = {
			isa = XCBuildConfiguration;
			buildSettings = {
				ASSETCATALOG_COMPILER_APPICON_NAME = AppIcon;
				INFOPLIST_FILE = "Silly Song/Info.plist";
				LD_RUNPATH_SEARCH_PATHS = "$(inherited) @executable_path/Frameworks";
				PRODUCT_BUNDLE_IDENTIFIER = "com.Topp.Silly-Song";
				PRODUCT_NAME = "$(TARGET_NAME)";
				SWIFT_VERSION = 3.0;
			};
			name = Debug;
		};
		EE96AAAE1E6A7D5A00B5758A /* Release */ = {
			isa = XCBuildConfiguration;
			buildSettings = {
				ASSETCATALOG_COMPILER_APPICON_NAME = AppIcon;
				INFOPLIST_FILE = "Silly Song/Info.plist";
				LD_RUNPATH_SEARCH_PATHS = "$(inherited) @executable_path/Frameworks";
				PRODUCT_BUNDLE_IDENTIFIER = "com.Topp.Silly-Song";
				PRODUCT_NAME = "$(TARGET_NAME)";
				SWIFT_VERSION = 3.0;
			};
			name = Release;
		};
		EE96AAB01E6A7D5A00B5758A /* Debug */ = {
			isa = XCBuildConfiguration;
			buildSettings = {
				ALWAYS_EMBED_SWIFT_STANDARD_LIBRARIES = YES;
				BUNDLE_LOADER = "$(TEST_HOST)";
				INFOPLIST_FILE = "Silly SongTests/Info.plist";
				LD_RUNPATH_SEARCH_PATHS = "$(inherited) @executable_path/Frameworks @loader_path/Frameworks";
				PRODUCT_BUNDLE_IDENTIFIER = "com.Topp.Silly-SongTests";
				PRODUCT_NAME = "$(TARGET_NAME)";
				SWIFT_VERSION = 3.0;
				TEST_HOST = "$(BUILT_PRODUCTS_DIR)/Silly Song.app/Silly Song";
			};
			name = Debug;
		};
		EE96AAB11E6A7D5A00B5758A /* Release */ = {
			isa = XCBuildConfiguration;
			buildSettings = {
				ALWAYS_EMBED_SWIFT_STANDARD_LIBRARIES = YES;
				BUNDLE_LOADER = "$(TEST_HOST)";
				INFOPLIST_FILE = "Silly SongTests/Info.plist";
				LD_RUNPATH_SEARCH_PATHS = "$(inherited) @executable_path/Frameworks @loader_path/Frameworks";
				PRODUCT_BUNDLE_IDENTIFIER = "com.Topp.Silly-SongTests";
				PRODUCT_NAME = "$(TARGET_NAME)";
				SWIFT_VERSION = 3.0;
				TEST_HOST = "$(BUILT_PRODUCTS_DIR)/Silly Song.app/Silly Song";
			};
			name = Release;
		};
		EE96AAB31E6A7D5A00B5758A /* Debug */ = {
			isa = XCBuildConfiguration;
			buildSettings = {
				ALWAYS_EMBED_SWIFT_STANDARD_LIBRARIES = YES;
				INFOPLIST_FILE = "Silly SongUITests/Info.plist";
				LD_RUNPATH_SEARCH_PATHS = "$(inherited) @executable_path/Frameworks @loader_path/Frameworks";
				PRODUCT_BUNDLE_IDENTIFIER = "com.Topp.Silly-SongUITests";
				PRODUCT_NAME = "$(TARGET_NAME)";
				SWIFT_VERSION = 3.0;
				TEST_TARGET_NAME = "Silly Song";
			};
			name = Debug;
		};
		EE96AAB41E6A7D5A00B5758A /* Release */ = {
			isa = XCBuildConfiguration;
			buildSettings = {
				ALWAYS_EMBED_SWIFT_STANDARD_LIBRARIES = YES;
				INFOPLIST_FILE = "Silly SongUITests/Info.plist";
				LD_RUNPATH_SEARCH_PATHS = "$(inherited) @executable_path/Frameworks @loader_path/Frameworks";
				PRODUCT_BUNDLE_IDENTIFIER = "com.Topp.Silly-SongUITests";
				PRODUCT_NAME = "$(TARGET_NAME)";
				SWIFT_VERSION = 3.0;
				TEST_TARGET_NAME = "Silly Song";
			};
			name = Release;
		};
/* End XCBuildConfiguration section */

/* Begin XCConfigurationList section */
		EE96AA7F1E6A7D5A00B5758A /* Build configuration list for PBXProject "Silly Song" */ = {
			isa = XCConfigurationList;
			buildConfigurations = (
				EE96AAAA1E6A7D5A00B5758A /* Debug */,
				EE96AAAB1E6A7D5A00B5758A /* Release */,
			);
			defaultConfigurationIsVisible = 0;
			defaultConfigurationName = Release;
		};
		EE96AAAC1E6A7D5A00B5758A /* Build configuration list for PBXNativeTarget "Silly Song" */ = {
			isa = XCConfigurationList;
			buildConfigurations = (
				EE96AAAD1E6A7D5A00B5758A /* Debug */,
				EE96AAAE1E6A7D5A00B5758A /* Release */,
			);
			defaultConfigurationIsVisible = 0;
		};
		EE96AAAF1E6A7D5A00B5758A /* Build configuration list for PBXNativeTarget "Silly SongTests" */ = {
			isa = XCConfigurationList;
			buildConfigurations = (
				EE96AAB01E6A7D5A00B5758A /* Debug */,
				EE96AAB11E6A7D5A00B5758A /* Release */,
			);
			defaultConfigurationIsVisible = 0;
		};
		EE96AAB21E6A7D5A00B5758A /* Build configuration list for PBXNativeTarget "Silly SongUITests" */ = {
			isa = XCConfigurationList;
			buildConfigurations = (
				EE96AAB31E6A7D5A00B5758A /* Debug */,
				EE96AAB41E6A7D5A00B5758A /* Release */,
			);
			defaultConfigurationIsVisible = 0;
		};
/* End XCConfigurationList section */
	};
	rootObject = EE96AA7C1E6A7D5A00B5758A /* Project object */;
}
